
Microsoft Visual Studio Solution File, Format Version 12.00
# Visual Studio 14
VisualStudioVersion = 14.0.24720.0
MinimumVisualStudioVersion = 10.0.40219.1
Project("{FAE04EC0-301F-11D3-BF4B-00C04F79EFBC}") = "SynchronizeIt", "SynchronizeIt\SynchronizeIt.csproj", "{1F6CF805-1703-4159-9B32-DF9DB5B6D6CD}"
EndProject
Project("{FAE04EC0-301F-11D3-BF4B-00C04F79EFBC}") = "SynchronizeItTests", "SynchronizeItTests\SynchronizeItTests.csproj", "{06ABCBA5-869A-44EA-9D64-4D39FA54B106}"
EndProject
Global
	GlobalSection(SolutionConfigurationPlatforms) = preSolution
		Debug|Any CPU = Debug|Any CPU
		Release|Any CPU = Release|Any CPU
	EndGlobalSection
	GlobalSection(ProjectConfigurationPlatforms) = postSolution
		{1F6CF805-1703-4159-9B32-DF9DB5B6D6CD}.Debug|Any CPU.ActiveCfg = Debug|Any CPU
		{1F6CF805-1703-4159-9B32-DF9DB5B6D6CD}.Debug|Any CPU.Build.0 = Debug|Any CPU
		{1F6CF805-1703-4159-9B32-DF9DB5B6D6CD}.Release|Any CPU.ActiveCfg = Release|Any CPU
		{1F6CF805-1703-4159-9B32-DF9DB5B6D6CD}.Release|Any CPU.Build.0 = Release|Any CPU
		{06ABCBA5-869A-44EA-9D64-4D39FA54B106}.Debug|Any CPU.ActiveCfg = Debug|Any CPU
		{06ABCBA5-869A-44EA-9D64-4D39FA54B106}.Debug|Any CPU.Build.0 = Debug|Any CPU
		{06ABCBA5-869A-44EA-9D64-4D39FA54B106}.Release|Any CPU.ActiveCfg = Release|Any CPU
		{06ABCBA5-869A-44EA-9D64-4D39FA54B106}.Release|Any CPU.Build.0 = Release|Any CPU
	EndGlobalSection
	GlobalSection(SolutionProperties) = preSolution
		HideSolutionNode = FALSE
	EndGlobalSection
EndGlobal
